PODS:
  - NSLogger (1.7.0):
    - NSLogger/Standard (= 1.7.0)
  - NSLogger/Standard (1.7.0)
  - XCGLogger (4.0.0):
    - XCGLogger/Core (= 4.0.0)
  - XCGLogger/Core (4.0.0)

DEPENDENCIES:
  - NSLogger (>= 1.5)
  - XCGLogger (>= 4)

SPEC CHECKSUMS:
  NSLogger: daa17368272ddf10a0850c218fe49de23b50f2eb
  XCGLogger: 38063ea89b4c8b23232d18efd2e12eb0005f3ea4

PODFILE CHECKSUM: bb7b6bed817f63b695455755a7a1384a1e29ed59

COCOAPODS: 1.1.1
